{
	"name": "@firestone-hs/coliseum-components",
	"version": "0.0.25",
	"lockfileVersion": 2,
	"requires": true,
	"packages": {
		"": {
			"name": "@firestone-hs/coliseum-components",
			"version": "0.0.25",
			"dependencies": {
				"tslib": "^2.0.0"
			},
			"peerDependencies": {
				"@firestone-hs/replay-parser": "^1.2.3"
			}
		},
		"node_modules/@firestone-hs/replay-parser": {
			"version": "1.2.21",
			"resolved": "https://registry.npmjs.org/@firestone-hs/replay-parser/-/replay-parser-1.2.21.tgz",
			"integrity": "sha512-/IqD5iUFi/issHZZzPTJnIfRMA7XzNMWSU/Qkb7MOmKWqRprqDVe7BR9bw2hJaNpWe1OjhuSzzdO/632mO0h5A==",
			"peer": true,
			"dependencies": {
				"tslib": "^2.0.0"
			},
			"peerDependencies": {
				"lodash-es": "4.17.15",
				"node-fetch": "^2.6.0",
				"rxjs": "7.5.0"
			}
		},
		"node_modules/lodash-es": {
			"version": "4.17.15",
			"resolved": "https://registry.npmjs.org/lodash-es/-/lodash-es-4.17.15.tgz",
			"integrity": "sha512-rlrc3yU3+JNOpZ9zj5pQtxnx2THmvRykwL4Xlxoa8I9lHBlVbbyPhgyPMioxVZ4NqyxaVVtaJnzsyOidQIhyyQ==",
			"peer": true
		},
		"node_modules/node-fetch": {
			"version": "2.6.7",
			"resolved": "https://registry.npmjs.org/node-fetch/-/node-fetch-2.6.7.tgz",
			"integrity": "sha512-ZjMPFEfVx5j+y2yF35Kzx5sF7kDzxuDj6ziH4FFbOp87zKDZNx8yExJIb05OGF4Nlt9IHFIMBkRl41VdvcNdbQ==",
			"peer": true,
			"dependencies": {
				"whatwg-url": "^5.0.0"
			},
			"engines": {
				"node": "4.x || >=6.0.0"
			},
			"peerDependencies": {
				"encoding": "^0.1.0"
			},
			"peerDependenciesMeta": {
				"encoding": {
					"optional": true
				}
			}
		},
		"node_modules/rxjs": {
			"version": "7.5.0",
			"resolved": "https://registry.npmjs.org/rxjs/-/rxjs-7.5.0.tgz",
			"integrity": "sha512-fuCKAfFawVYX0pyFlETtYnXI+5iiY9Dftgk+VdgeOq+Qyi9ZDWckHZRDaXRt5WCNbbLkmAheoSGDiceyCIKNZA==",
			"peer": true,
			"dependencies": {
				"tslib": "^2.1.0"
			}
		},
		"node_modules/tr46": {
			"version": "0.0.3",
			"resolved": "https://registry.npmjs.org/tr46/-/tr46-0.0.3.tgz",
			"integrity": "sha512-N3WMsuqV66lT30CrXNbEjx4GEwlow3v6rr4mCcv6prnfwhS01rkgyFdjPNBYd9br7LpXV1+Emh01fHnq2Gdgrw==",
			"peer": true
		},
		"node_modules/tslib": {
			"version": "2.4.1",
			"resolved": "https://registry.npmjs.org/tslib/-/tslib-2.4.1.tgz",
			"integrity": "sha512-tGyy4dAjRIEwI7BzsB0lynWgOpfqjUdq91XXAlIWD2OwKBH7oCl/GZG/HT4BOHrTlPMOASlMQ7veyTqpmRcrNA=="
		},
		"node_modules/webidl-conversions": {
			"version": "3.0.1",
			"resolved": "https://registry.npmjs.org/webidl-conversions/-/webidl-conversions-3.0.1.tgz",
			"integrity": "sha512-2JAn3z8AR6rjK8Sm8orRC0h/bcl/DqL7tRPdGZ4I1CjdF+EaMLmYxBHyXuKL849eucPFhvBoxMsflfOb8kxaeQ==",
			"peer": true
		},
		"node_modules/whatwg-url": {
			"version": "5.0.0",
			"resolved": "https://registry.npmjs.org/whatwg-url/-/whatwg-url-5.0.0.tgz",
			"integrity": "sha512-saE57nupxk6v3HY35+jzBwYa0rKSy0XR8JSxZPwgLr7ys0IBzhGviA1/TUGJLmSVqs8pb9AnvICXEuOHLprYTw==",
			"peer": true,
			"dependencies": {
				"tr46": "~0.0.3",
				"webidl-conversions": "^3.0.0"
			}
		}
	},
	"dependencies": {
		"@firestone-hs/replay-parser": {
			"version": "1.2.21",
			"resolved": "https://registry.npmjs.org/@firestone-hs/replay-parser/-/replay-parser-1.2.21.tgz",
			"integrity": "sha512-/IqD5iUFi/issHZZzPTJnIfRMA7XzNMWSU/Qkb7MOmKWqRprqDVe7BR9bw2hJaNpWe1OjhuSzzdO/632mO0h5A==",
			"peer": true,
			"requires": {
				"tslib": "^2.0.0"
			}
		},
		"lodash-es": {
			"version": "4.17.15",
			"resolved": "https://registry.npmjs.org/lodash-es/-/lodash-es-4.17.15.tgz",
			"integrity": "sha512-rlrc3yU3+JNOpZ9zj5pQtxnx2THmvRykwL4Xlxoa8I9lHBlVbbyPhgyPMioxVZ4NqyxaVVtaJnzsyOidQIhyyQ==",
			"peer": true
		},
		"node-fetch": {
			"version": "2.6.7",
			"resolved": "https://registry.npmjs.org/node-fetch/-/node-fetch-2.6.7.tgz",
			"integrity": "sha512-ZjMPFEfVx5j+y2yF35Kzx5sF7kDzxuDj6ziH4FFbOp87zKDZNx8yExJIb05OGF4Nlt9IHFIMBkRl41VdvcNdbQ==",
			"peer": true,
			"requires": {
				"whatwg-url": "^5.0.0"
			}
		},
		"rxjs": {
			"version": "7.5.0",
			"resolved": "https://registry.npmjs.org/rxjs/-/rxjs-7.5.0.tgz",
			"integrity": "sha512-fuCKAfFawVYX0pyFlETtYnXI+5iiY9Dftgk+VdgeOq+Qyi9ZDWckHZRDaXRt5WCNbbLkmAheoSGDiceyCIKNZA==",
			"peer": true,
			"requires": {
				"tslib": "^2.1.0"
			}
		},
		"tr46": {
			"version": "0.0.3",
			"resolved": "https://registry.npmjs.org/tr46/-/tr46-0.0.3.tgz",
			"integrity": "sha512-N3WMsuqV66lT30CrXNbEjx4GEwlow3v6rr4mCcv6prnfwhS01rkgyFdjPNBYd9br7LpXV1+Emh01fHnq2Gdgrw==",
			"peer": true
		},
		"tslib": {
			"version": "2.4.1",
			"resolved": "https://registry.npmjs.org/tslib/-/tslib-2.4.1.tgz",
			"integrity": "sha512-tGyy4dAjRIEwI7BzsB0lynWgOpfqjUdq91XXAlIWD2OwKBH7oCl/GZG/HT4BOHrTlPMOASlMQ7veyTqpmRcrNA=="
		},
		"webidl-conversions": {
			"version": "3.0.1",
			"resolved": "https://registry.npmjs.org/webidl-conversions/-/webidl-conversions-3.0.1.tgz",
			"integrity": "sha512-2JAn3z8AR6rjK8Sm8orRC0h/bcl/DqL7tRPdGZ4I1CjdF+EaMLmYxBHyXuKL849eucPFhvBoxMsflfOb8kxaeQ==",
			"peer": true
		},
		"whatwg-url": {
			"version": "5.0.0",
			"resolved": "https://registry.npmjs.org/whatwg-url/-/whatwg-url-5.0.0.tgz",
			"integrity": "sha512-saE57nupxk6v3HY35+jzBwYa0rKSy0XR8JSxZPwgLr7ys0IBzhGviA1/TUGJLmSVqs8pb9AnvICXEuOHLprYTw==",
			"peer": true,
			"requires": {
				"tr46": "~0.0.3",
				"webidl-conversions": "^3.0.0"
			}
		}
	}
}
